
Microsoft Visual Studio Solution File, Format Version 12.00
# Visual Studio Version 17
VisualStudioVersion = 17.8.34330.188
MinimumVisualStudioVersion = 10.0.40219.1
Project("{FAE04EC0-301F-11D3-BF4B-00C04F79EFBC}") = "xUnitWebApplication", "xUnitWebApplication.csproj", "{EBDF4620-7A9B-4231-A4C9-C7181275A985}"
EndProject
Project("{FAE04EC0-301F-11D3-BF4B-00C04F79EFBC}") = "xUnitWebApplications.Tests", "..\xUnitWebApplications.Tests\xUnitWebApplications.Tests.csproj", "{BF431BFF-0096-49D1-A615-B6B3817B58F5}"
EndProject
Global
	GlobalSection(SolutionConfigurationPlatforms) = preSolution
		Debug|Any CPU = Debug|Any CPU
		Release|Any CPU = Release|Any CPU
	EndGlobalSection
	GlobalSection(ProjectConfigurationPlatforms) = postSolution
		{EBDF4620-7A9B-4231-A4C9-C7181275A985}.Debug|Any CPU.ActiveCfg = Debug|Any CPU
		{EBDF4620-7A9B-4231-A4C9-C7181275A985}.Debug|Any CPU.Build.0 = Debug|Any CPU
		{EBDF4620-7A9B-4231-A4C9-C7181275A985}.Release|Any CPU.ActiveCfg = Release|Any CPU
		{EBDF4620-7A9B-4231-A4C9-C7181275A985}.Release|Any CPU.Build.0 = Release|Any CPU
		{BF431BFF-0096-49D1-A615-B6B3817B58F5}.Debug|Any CPU.ActiveCfg = Debug|Any CPU
		{BF431BFF-0096-49D1-A615-B6B3817B58F5}.Debug|Any CPU.Build.0 = Debug|Any CPU
		{BF431BFF-0096-49D1-A615-B6B3817B58F5}.Release|Any CPU.ActiveCfg = Release|Any CPU
		{BF431BFF-0096-49D1-A615-B6B3817B58F5}.Release|Any CPU.Build.0 = Release|Any CPU
	EndGlobalSection
	GlobalSection(SolutionProperties) = preSolution
		HideSolutionNode = FALSE
	EndGlobalSection
	GlobalSection(ExtensibilityGlobals) = postSolution
		SolutionGuid = {4549F382-F672-40DB-9455-6CA9DDC28A5C}
	EndGlobalSection
EndGlobal
